// !$*UTF8*$!
{
	archiveVersion = 1;
	classes = {
	};
	objectVersion = 50;
	objects = {

/* Begin PBXBuildFile section */
		0D1302D82523418400B09C99 /* AppDelegate.swift in Sources */ = {isa = PBXBuildFile; fileRef = 0D1302D72523418400B09C99 /* AppDelegate.swift */; };
		0D1302DA2523418400B09C99 /* SceneDelegate.swift in Sources */ = {isa = PBXBuildFile; fileRef = 0D1302D92523418400B09C99 /* SceneDelegate.swift */; };
		0D1302DC2523418400B09C99 /* ContentView.swift in Sources */ = {isa = PBXBuildFile; fileRef = 0D1302DB2523418400B09C99 /* ContentView.swift */; };
		0D1302DE2523418700B09C99 /* Assets.xcassets in Resources */ = {isa = PBXBuildFile; fileRef = 0D1302DD2523418700B09C99 /* Assets.xcassets */; };
		0D1302E12523418700B09C99 /* Preview Assets.xcassets in Resources */ = {isa = PBXBuildFile; fileRef = 0D1302E02523418700B09C99 /* Preview Assets.xcassets */; };
		0D1302E42523418700B09C99 /* LaunchScreen.storyboard in Resources */ = {isa = PBXBuildFile; fileRef = 0D1302E22523418700B09C99 /* LaunchScreen.storyboard */; };
		0D1302F1252341D100B09C99 /* HTTPClient.swift in Sources */ = {isa = PBXBuildFile; fileRef = 0D1302F0252341D100B09C99 /* HTTPClient.swift */; };
		0D1302F92523443E00B09C99 /* Constants.swift in Sources */ = {isa = PBXBuildFile; fileRef = 0D1302F82523443E00B09C99 /* Constants.swift */; };
		0D1302FC252344AB00B09C99 /* User.swift in Sources */ = {isa = PBXBuildFile; fileRef = 0D1302FB252344AB00B09C99 /* User.swift */; };
		0D1302FF252346AF00B09C99 /* UserViewModel.swift in Sources */ = {isa = PBXBuildFile; fileRef = 0D1302FE252346AF00B09C99 /* UserViewModel.swift */; };
/* End PBXBuildFile section */

/* Begin PBXFileReference section */
		0D1302D42523418400B09C99 /* NetworkingWithCombineAndMVVM.app */ = {isa = PBXFileReference; explicitFileType = wrapper.application; includeInIndex = 0; path = NetworkingWithCombineAndMVVM.app; sourceTree = BUILT_PRODUCTS_DIR; };
		0D1302D72523418400B09C99 /* AppDelegate.swift */ = {isa = PBXFileReference; lastKnownFileType = sourcecode.swift; path = AppDelegate.swift; sourceTree = "<group>"; };
		0D1302D92523418400B09C99 /* SceneDelegate.swift */ = {isa = PBXFileReference; lastKnownFileType = sourcecode.swift; path = SceneDelegate.swift; sourceTree = "<group>"; };
		0D1302DB2523418400B09C99 /* ContentView.swift */ = {isa = PBXFileReference; lastKnownFileType = sourcecode.swift; path = ContentView.swift; sourceTree = "<group>"; };
		0D1302DD2523418700B09C99 /* Assets.xcassets */ = {isa = PBXFileReference; lastKnownFileType = folder.assetcatalog; path = Assets.xcassets; sourceTree = "<group>"; };
		0D1302E02523418700B09C99 /* Preview Assets.xcassets */ = {isa = PBXFileReference; lastKnownFileType = folder.assetcatalog; path = "Preview Assets.xcassets"; sourceTree = "<group>"; };
		0D1302E32523418700B09C99 /* Base */ = {isa = PBXFileReference; lastKnownFileType = file.storyboard; name = Base; path = Base.lproj/LaunchScreen.storyboard; sourceTree = "<group>"; };
		0D1302E52523418700B09C99 /* Info.plist */ = {isa = PBXFileReference; lastKnownFileType = text.plist.xml; path = Info.plist; sourceTree = "<group>"; };
		0D1302F0252341D100B09C99 /* HTTPClient.swift */ = {isa = PBXFileReference; lastKnownFileType = sourcecode.swift; path = HTTPClient.swift; sourceTree = "<group>"; };
		0D1302F82523443E00B09C99 /* Constants.swift */ = {isa = PBXFileReference; lastKnownFileType = sourcecode.swift; path = Constants.swift; sourceTree = "<group>"; };
		0D1302FB252344AB00B09C99 /* User.swift */ = {isa = PBXFileReference; lastKnownFileType = sourcecode.swift; path = User.swift; sourceTree = "<group>"; };
		0D1302FE252346AF00B09C99 /* UserViewModel.swift */ = {isa = PBXFileReference; lastKnownFileType = sourcecode.swift; path = UserViewModel.swift; sourceTree = "<group>"; };
/* End PBXFileReference section */

/* Begin PBXFrameworksBuildPhase section */
		0D1302D12523418400B09C99 /* Frameworks */ = {
			isa = PBXFrameworksBuildPhase;
			buildActionMask = 2147483647;
			files = (
			);
			runOnlyForDeploymentPostprocessing = 0;
		};
/* End PBXFrameworksBuildPhase section */

/* Begin PBXGroup section */
		0D1302CB2523418400B09C99 = {
			isa = PBXGroup;
			children = (
				0D1302D62523418400B09C99 /* NetworkingWithCombineAndMVVM */,
				0D1302D52523418400B09C99 /* Products */,
			);
			sourceTree = "<group>";
		};
		0D1302D52523418400B09C99 /* Products */ = {
			isa = PBXGroup;
			children = (
				0D1302D42523418400B09C99 /* NetworkingWithCombineAndMVVM.app */,
			);
			name = Products;
			sourceTree = "<group>";
		};
		0D1302D62523418400B09C99 /* NetworkingWithCombineAndMVVM */ = {
			isa = PBXGroup;
			children = (
				0D1302EC2523418D00B09C99 /* App */,
				0D1302F62523437200B09C99 /* Constants */,
				0D1302EF252341C100B09C99 /* Netowrk Service */,
				0D1302F5252341E200B09C99 /* Model */,
				0D1302F4252341DA00B09C99 /* ViewModel */,
				0D1302EE252341B100B09C99 /* View */,
			);
			path = NetworkingWithCombineAndMVVM;
			sourceTree = "<group>";
		};
		0D1302DF2523418700B09C99 /* Preview Content */ = {
			isa = PBXGroup;
			children = (
				0D1302E02523418700B09C99 /* Preview Assets.xcassets */,
			);
			path = "Preview Content";
			sourceTree = "<group>";
		};
		0D1302EC2523418D00B09C99 /* App */ = {
			isa = PBXGroup;
			children = (
				0D1302DF2523418700B09C99 /* Preview Content */,
				0D1302D72523418400B09C99 /* AppDelegate.swift */,
				0D1302D92523418400B09C99 /* SceneDelegate.swift */,
				0D1302DD2523418700B09C99 /* Assets.xcassets */,
				0D1302E22523418700B09C99 /* LaunchScreen.storyboard */,
				0D1302E52523418700B09C99 /* Info.plist */,
			);
			name = App;
			sourceTree = "<group>";
		};
		0D1302EE252341B100B09C99 /* View */ = {
			isa = PBXGroup;
			children = (
				0D1302DB2523418400B09C99 /* ContentView.swift */,
			);
			path = View;
			sourceTree = "<group>";
		};
		0D1302EF252341C100B09C99 /* Netowrk Service */ = {
			isa = PBXGroup;
			children = (
				0D1302F0252341D100B09C99 /* HTTPClient.swift */,
			);
			path = "Netowrk Service";
			sourceTree = "<group>";
		};
		0D1302F4252341DA00B09C99 /* ViewModel */ = {
			isa = PBXGroup;
			children = (
				0D1302FE252346AF00B09C99 /* UserViewModel.swift */,
			);
			path = ViewModel;
			sourceTree = "<group>";
		};
		0D1302F5252341E200B09C99 /* Model */ = {
			isa = PBXGroup;
			children = (
				0D1302FB252344AB00B09C99 /* User.swift */,
			);
			path = Model;
			sourceTree = "<group>";
		};
		0D1302F62523437200B09C99 /* Constants */ = {
			isa = PBXGroup;
			children = (
				0D1302F82523443E00B09C99 /* Constants.swift */,
			);
			path = Constants;
			sourceTree = "<group>";
		};
/* End PBXGroup section */

/* Begin PBXNativeTarget section */
		0D1302D32523418400B09C99 /* NetworkingWithCombineAndMVVM */ = {
			isa = PBXNativeTarget;
			buildConfigurationList = 0D1302E82523418700B09C99 /* Build configuration list for PBXNativeTarget "NetworkingWithCombineAndMVVM" */;
			buildPhases = (
				0D1302D02523418400B09C99 /* Sources */,
				0D1302D12523418400B09C99 /* Frameworks */,
				0D1302D22523418400B09C99 /* Resources */,
			);
			buildRules = (
			);
			dependencies = (
			);
			name = NetworkingWithCombineAndMVVM;
			productName = NetworkingWithCombineAndMVVM;
			productReference = 0D1302D42523418400B09C99 /* NetworkingWithCombineAndMVVM.app */;
			productType = "com.apple.product-type.application";
		};
/* End PBXNativeTarget section */

/* Begin PBXProject section */
		0D1302CC2523418400B09C99 /* Project object */ = {
			isa = PBXProject;
			attributes = {
				LastSwiftUpdateCheck = 1200;
				LastUpgradeCheck = 1200;
				TargetAttributes = {
					0D1302D32523418400B09C99 = {
						CreatedOnToolsVersion = 12.0.1;
					};
				};
			};
			buildConfigurationList = 0D1302CF2523418400B09C99 /* Build configuration list for PBXProject "NetworkingWithCombineAndMVVM" */;
			compatibilityVersion = "Xcode 9.3";
			developmentRegion = en;
			hasScannedForEncodings = 0;
			knownRegions = (
				en,
				Base,
			);
			mainGroup = 0D1302CB2523418400B09C99;
			productRefGroup = 0D1302D52523418400B09C99 /* Products */;
			projectDirPath = "";
			projectRoot = "";
			targets = (
				0D1302D32523418400B09C99 /* NetworkingWithCombineAndMVVM */,
			);
		};
/* End PBXProject section */

/* Begin PBXResourcesBuildPhase section */
		0D1302D22523418400B09C99 /* Resources */ = {
			isa = PBXResourcesBuildPhase;
			buildActionMask = 2147483647;
			files = (
				0D1302E42523418700B09C99 /* LaunchScreen.storyboard in Resources */,
				0D1302E12523418700B09C99 /* Preview Assets.xcassets in Resources */,
				0D1302DE2523418700B09C99 /* Assets.xcassets in Resources */,
			);
			runOnlyForDeploymentPostprocessing = 0;
		};
/* End PBXResourcesBuildPhase section */

/* Begin PBXSourcesBuildPhase section */
		0D1302D02523418400B09C99 /* Sources */ = {
			isa = PBXSourcesBuildPhase;
			buildActionMask = 2147483647;
			files = (
				0D1302F92523443E00B09C99 /* Constants.swift in Sources */,
				0D1302D82523418400B09C99 /* AppDelegate.swift in Sources */,
				0D1302FC252344AB00B09C99 /* User.swift in Sources */,
				0D1302DA2523418400B09C99 /* SceneDelegate.swift in Sources */,
				0D1302F1252341D100B09C99 /* HTTPClient.swift in Sources */,
				0D1302FF252346AF00B09C99 /* UserViewModel.swift in Sources */,
				0D1302DC2523418400B09C99 /* ContentView.swift in Sources */,
			);
			runOnlyForDeploymentPostprocessing = 0;
		};
/* End PBXSourcesBuildPhase section */

/* Begin PBXVariantGroup section */
		0D1302E22523418700B09C99 /* LaunchScreen.storyboard */ = {
			isa = PBXVariantGroup;
			children = (
				0D1302E32523418700B09C99 /* Base */,
			);
			name = LaunchScreen.storyboard;
			sourceTree = "<group>";
		};
/* End PBXVariantGroup section */

/* Begin XCBuildConfiguration section */
		0D1302E62523418700B09C99 /* Debug */ = {
			isa = XCBuildConfiguration;
			buildSettings = {
				ALWAYS_SEARCH_USER_PATHS = NO;
				CLANG_ANALYZER_NONNULL = YES;
				CLANG_ANALYZER_NUMBER_OBJECT_CONVERSION = YES_AGGRESSIVE;
				CLANG_CXX_LANGUAGE_STANDARD = "gnu++14";
				CLANG_CXX_LIBRARY = "libc++";
				CLANG_ENABLE_MODULES = YES;
				CLANG_ENABLE_OBJC_ARC = YES;
				CLANG_ENABLE_OBJC_WEAK = YES;
				CLANG_WARN_BLOCK_CAPTURE_AUTORELEASING = YES;
				CLANG_WARN_BOOL_CONVERSION = YES;
				CLANG_WARN_COMMA = YES;
				CLANG_WARN_CONSTANT_CONVERSION = YES;
				CLANG_WARN_DEPRECATED_OBJC_IMPLEMENTATIONS = YES;
				CLANG_WARN_DIRECT_OBJC_ISA_USAGE = YES_ERROR;
				CLANG_WARN_DOCUMENTATION_COMMENTS = YES;
				CLANG_WARN_EMPTY_BODY = YES;
				CLANG_WARN_ENUM_CONVERSION = YES;
				CLANG_WARN_INFINITE_RECURSION = YES;
				CLANG_WARN_INT_CONVERSION = YES;
				CLANG_WARN_NON_LITERAL_NULL_CONVERSION = YES;
				CLANG_WARN_OBJC_IMPLICIT_RETAIN_SELF = YES;
				CLANG_WARN_OBJC_LITERAL_CONVERSION = YES;
				CLANG_WARN_OBJC_ROOT_CLASS = YES_ERROR;
				CLANG_WARN_QUOTED_INCLUDE_IN_FRAMEWORK_HEADER = YES;
				CLANG_WARN_RANGE_LOOP_ANALYSIS = YES;
				CLANG_WARN_STRICT_PROTOTYPES = YES;
				CLANG_WARN_SUSPICIOUS_MOVE = YES;
				CLANG_WARN_UNGUARDED_AVAILABILITY = YES_AGGRESSIVE;
				CLANG_WARN_UNREACHABLE_CODE = YES;
				CLANG_WARN__DUPLICATE_METHOD_MATCH = YES;
				COPY_PHASE_STRIP = NO;
				DEBUG_INFORMATION_FORMAT = dwarf;
				ENABLE_STRICT_OBJC_MSGSEND = YES;
				ENABLE_TESTABILITY = YES;
				GCC_C_LANGUAGE_STANDARD = gnu11;
				GCC_DYNAMIC_NO_PIC = NO;
				GCC_NO_COMMON_BLOCKS = YES;
				GCC_OPTIMIZATION_LEVEL = 0;
				GCC_PREPROCESSOR_DEFINITIONS = (
					"DEBUG=1",
					"$(inherited)",
				);
				GCC_WARN_64_TO_32_BIT_CONVERSION = YES;
				GCC_WARN_ABOUT_RETURN_TYPE = YES_ERROR;
				GCC_WARN_UNDECLARED_SELECTOR = YES;
				GCC_WARN_UNINITIALIZED_AUTOS = YES_AGGRESSIVE;
				GCC_WARN_UNUSED_FUNCTION = YES;
				GCC_WARN_UNUSED_VARIABLE = YES;
				IPHONEOS_DEPLOYMENT_TARGET = 14.0;
				MTL_ENABLE_DEBUG_INFO = INCLUDE_SOURCE;
				MTL_FAST_MATH = YES;
				ONLY_ACTIVE_ARCH = YES;
				SDKROOT = iphoneos;
				SWIFT_ACTIVE_COMPILATION_CONDITIONS = DEBUG;
				SWIFT_OPTIMIZATION_LEVEL = "-Onone";
			};
			name = Debug;
		};
		0D1302E72523418700B09C99 /* Release */ = {
			isa = XCBuildConfiguration;
			buildSettings = {
				ALWAYS_SEARCH_USER_PATHS = NO;
				CLANG_ANALYZER_NONNULL = YES;
				CLANG_ANALYZER_NUMBER_OBJECT_CONVERSION = YES_AGGRESSIVE;
				CLANG_CXX_LANGUAGE_STANDARD = "gnu++14";
				CLANG_CXX_LIBRARY = "libc++";
				CLANG_ENABLE_MODULES = YES;
				CLANG_ENABLE_OBJC_ARC = YES;
				CLANG_ENABLE_OBJC_WEAK = YES;
				CLANG_WARN_BLOCK_CAPTURE_AUTORELEASING = YES;
				CLANG_WARN_BOOL_CONVERSION = YES;
				CLANG_WARN_COMMA = YES;
				CLANG_WARN_CONSTANT_CONVERSION = YES;
				CLANG_WARN_DEPRECATED_OBJC_IMPLEMENTATIONS = YES;
				CLANG_WARN_DIRECT_OBJC_ISA_USAGE = YES_ERROR;
				CLANG_WARN_DOCUMENTATION_COMMENTS = YES;
				CLANG_WARN_EMPTY_BODY = YES;
				CLANG_WARN_ENUM_CONVERSION = YES;
				CLANG_WARN_INFINITE_RECURSION = YES;
				CLANG_WARN_INT_CONVERSION = YES;
				CLANG_WARN_NON_LITERAL_NULL_CONVERSION = YES;
				CLANG_WARN_OBJC_IMPLICIT_RETAIN_SELF = YES;
				CLANG_WARN_OBJC_LITERAL_CONVERSION = YES;
				CLANG_WARN_OBJC_ROOT_CLASS = YES_ERROR;
				CLANG_WARN_QUOTED_INCLUDE_IN_FRAMEWORK_HEADER = YES;
				CLANG_WARN_RANGE_LOOP_ANALYSIS = YES;
				CLANG_WARN_STRICT_PROTOTYPES = YES;
				CLANG_WARN_SUSPICIOUS_MOVE = YES;
				CLANG_WARN_UNGUARDED_AVAILABILITY = YES_AGGRESSIVE;
				CLANG_WARN_UNREACHABLE_CODE = YES;
				CLANG_WARN__DUPLICATE_METHOD_MATCH = YES;
				COPY_PHASE_STRIP = NO;
				DEBUG_INFORMATION_FORMAT = "dwarf-with-dsym";
				ENABLE_NS_ASSERTIONS = NO;
				ENABLE_STRICT_OBJC_MSGSEND = YES;
				GCC_C_LANGUAGE_STANDARD = gnu11;
				GCC_NO_COMMON_BLOCKS = YES;
				GCC_WARN_64_TO_32_BIT_CONVERSION = YES;
				GCC_WARN_ABOUT_RETURN_TYPE = YES_ERROR;
				GCC_WARN_UNDECLARED_SELECTOR = YES;
				GCC_WARN_UNINITIALIZED_AUTOS = YES_AGGRESSIVE;
				GCC_WARN_UNUSED_FUNCTION = YES;
				GCC_WARN_UNUSED_VARIABLE = YES;
				IPHONEOS_DEPLOYMENT_TARGET = 14.0;
				MTL_ENABLE_DEBUG_INFO = NO;
				MTL_FAST_MATH = YES;
				SDKROOT = iphoneos;
				SWIFT_COMPILATION_MODE = wholemodule;
				SWIFT_OPTIMIZATION_LEVEL = "-O";
				VALIDATE_PRODUCT = YES;
			};
			name = Release;
		};
		0D1302E92523418700B09C99 /* Debug */ = {
			isa = XCBuildConfiguration;
			buildSettings = {
				ASSETCATALOG_COMPILER_APPICON_NAME = AppIcon;
				ASSETCATALOG_COMPILER_GLOBAL_ACCENT_COLOR_NAME = AccentColor;
				CODE_SIGN_STYLE = Automatic;
				DEVELOPMENT_ASSET_PATHS = "\"NetworkingWithCombineAndMVVM/Preview Content\"";
				ENABLE_PREVIEWS = YES;
				INFOPLIST_FILE = NetworkingWithCombineAndMVVM/Info.plist;
				LD_RUNPATH_SEARCH_PATHS = (
					"$(inherited)",
					"@executable_path/Frameworks",
				);
				PRODUCT_BUNDLE_IDENTIFIER = codesorbit.com.NetworkingWithCombineAndMVVM;
				PRODUCT_NAME = "$(TARGET_NAME)";
				SWIFT_VERSION = 5.0;
				TARGETED_DEVICE_FAMILY = "1,2";
			};
			name = Debug;
		};
		0D1302EA2523418700B09C99 /* Release */ = {
			isa = XCBuildConfiguration;
			buildSettings = {
				ASSETCATALOG_COMPILER_APPICON_NAME = AppIcon;
				ASSETCATALOG_COMPILER_GLOBAL_ACCENT_COLOR_NAME = AccentColor;
				CODE_SIGN_STYLE = Automatic;
				DEVELOPMENT_ASSET_PATHS = "\"NetworkingWithCombineAndMVVM/Preview Content\"";
				ENABLE_PREVIEWS = YES;
				INFOPLIST_FILE = NetworkingWithCombineAndMVVM/Info.plist;
				LD_RUNPATH_SEARCH_PATHS = (
					"$(inherited)",
					"@executable_path/Frameworks",
				);
				PRODUCT_BUNDLE_IDENTIFIER = codesorbit.com.NetworkingWithCombineAndMVVM;
				PRODUCT_NAME = "$(TARGET_NAME)";
				SWIFT_VERSION = 5.0;
				TARGETED_DEVICE_FAMILY = "1,2";
			};
			name = Release;
		};
/* End XCBuildConfiguration section */

/* Begin XCConfigurationList section */
		0D1302CF2523418400B09C99 /* Build configuration list for PBXProject "NetworkingWithCombineAndMVVM" */ = {
			isa = XCConfigurationList;
			buildConfigurations = (
				0D1302E62523418700B09C99 /* Debug */,
				0D1302E72523418700B09C99 /* Release */,
			);
			defaultConfigurationIsVisible = 0;
			defaultConfigurationName = Release;
		};
		0D1302E82523418700B09C99 /* Build configuration list for PBXNativeTarget "NetworkingWithCombineAndMVVM" */ = {
			isa = XCConfigurationList;
			buildConfigurations = (
				0D1302E92523418700B09C99 /* Debug */,
				0D1302EA2523418700B09C99 /* Release */,
			);
			defaultConfigurationIsVisible = 0;
			defaultConfigurationName = Release;
		};
/* End XCConfigurationList section */
	};
	rootObject = 0D1302CC2523418400B09C99 /* Project object */;
}
